// !$*UTF8*$!
{
	archiveVersion = 1;
	classes = {
	};
	objectVersion = 46;
	objects = {

/* Begin PBXBuildFile section */
		4C756EA3194F459B00C71778 /* Foundation.framework in Frameworks */ = {isa = PBXBuildFile; fileRef = 4C756EA2194F459B00C71778 /* Foundation.framework */; };
		4C756EA5194F459B00C71778 /* CoreGraphics.framework in Frameworks */ = {isa = PBXBuildFile; fileRef = 4C756EA4194F459B00C71778 /* CoreGraphics.framework */; };
		4C756EA7194F459B00C71778 /* UIKit.framework in Frameworks */ = {isa = PBXBuildFile; fileRef = 4C756EA6194F459B00C71778 /* UIKit.framework */; };
		4C756EAD194F459B00C71778 /* InfoPlist.strings in Resources */ = {isa = PBXBuildFile; fileRef = 4C756EAB194F459B00C71778 /* InfoPlist.strings */; };
		4C756EAF194F459B00C71778 /* main.m in Sources */ = {isa = PBXBuildFile; fileRef = 4C756EAE194F459B00C71778 /* main.m */; };
		4C756EB3194F459B00C71778 /* KSAppDelegate.m in Sources */ = {isa = PBXBuildFile; fileRef = 4C756EB2194F459B00C71778 /* KSAppDelegate.m */; };
		4C756EB6194F459B00C71778 /* Main.storyboard in Resources */ = {isa = PBXBuildFile; fileRef = 4C756EB4194F459B00C71778 /* Main.storyboard */; };
		4C756EB9194F459B00C71778 /* KSViewController.m in Sources */ = {isa = PBXBuildFile; fileRef = 4C756EB8194F459B00C71778 /* KSViewController.m */; };
		4C756EBB194F459B00C71778 /* Images.xcassets in Resources */ = {isa = PBXBuildFile; fileRef = 4C756EBA194F459B00C71778 /* Images.xcassets */; };
		4C756EC2194F459B00C71778 /* XCTest.framework in Frameworks */ = {isa = PBXBuildFile; fileRef = 4C756EC1194F459B00C71778 /* XCTest.framework */; };
		4C756EC3194F459B00C71778 /* Foundation.framework in Frameworks */ = {isa = PBXBuildFile; fileRef = 4C756EA2194F459B00C71778 /* Foundation.framework */; };
		4C756EC4194F459B00C71778 /* UIKit.framework in Frameworks */ = {isa = PBXBuildFile; fileRef = 4C756EA6194F459B00C71778 /* UIKit.framework */; };
		4C756ECC194F459B00C71778 /* InfoPlist.strings in Resources */ = {isa = PBXBuildFile; fileRef = 4C756ECA194F459B00C71778 /* InfoPlist.strings */; };
		4C756ECE194F459B00C71778 /* KSActivityIndicatorViewDemoTests.m in Sources */ = {isa = PBXBuildFile; fileRef = 4C756ECD194F459B00C71778 /* KSActivityIndicatorViewDemoTests.m */; };
/* End PBXBuildFile section */

/* Begin PBXContainerItemProxy section */
		4C756EC5194F459B00C71778 /* PBXContainerItemProxy */ = {
			isa = PBXContainerItemProxy;
			containerPortal = 4C756E97194F459B00C71778 /* Project object */;
			proxyType = 1;
			remoteGlobalIDString = 4C756E9E194F459B00C71778;
			remoteInfo = KSActivityIndicatorViewDemo;
		};
/* End PBXContainerItemProxy section */

/* Begin PBXFileReference section */
		4C756E9F194F459B00C71778 /* KSActivityIndicatorViewDemo.app */ = {isa = PBXFileReference; explicitFileType = wrapper.application; includeInIndex = 0; path = KSActivityIndicatorViewDemo.app; sourceTree = BUILT_PRODUCTS_DIR; };
		4C756EA2194F459B00C71778 /* Foundation.framework */ = {isa = PBXFileReference; lastKnownFileType = wrapper.framework; name = Foundation.framework; path = System/Library/Frameworks/Foundation.framework; sourceTree = SDKROOT; };
		4C756EA4194F459B00C71778 /* CoreGraphics.framework */ = {isa = PBXFileReference; lastKnownFileType = wrapper.framework; name = CoreGraphics.framework; path = System/Library/Frameworks/CoreGraphics.framework; sourceTree = SDKROOT; };
		4C756EA6194F459B00C71778 /* UIKit.framework */ = {isa = PBXFileReference; lastKnownFileType = wrapper.framework; name = UIKit.framework; path = System/Library/Frameworks/UIKit.framework; sourceTree = SDKROOT; };
		4C756EAA194F459B00C71778 /* KSActivityIndicatorViewDemo-Info.plist */ = {isa = PBXFileReference; lastKnownFileType = text.plist.xml; path = "KSActivityIndicatorViewDemo-Info.plist"; sourceTree = "<group>"; };
		4C756EAC194F459B00C71778 /* en */ = {isa = PBXFileReference; lastKnownFileType = text.plist.strings; name = en; path = en.lproj/InfoPlist.strings; sourceTree = "<group>"; };
		4C756EAE194F459B00C71778 /* main.m */ = {isa = PBXFileReference; lastKnownFileType = sourcecode.c.objc; path = main.m; sourceTree = "<group>"; };
		4C756EB0194F459B00C71778 /* KSActivityIndicatorViewDemo-Prefix.pch */ = {isa = PBXFileReference; lastKnownFileType = sourcecode.c.h; path = "KSActivityIndicatorViewDemo-Prefix.pch"; sourceTree = "<group>"; };
		4C756EB1194F459B00C71778 /* KSAppDelegate.h */ = {isa = PBXFileReference; lastKnownFileType = sourcecode.c.h; path = KSAppDelegate.h; sourceTree = "<group>"; };
		4C756EB2194F459B00C71778 /* KSAppDelegate.m */ = {isa = PBXFileReference; lastKnownFileType = sourcecode.c.objc; path = KSAppDelegate.m; sourceTree = "<group>"; };
		4C756EB5194F459B00C71778 /* Base */ = {isa = PBXFileReference; lastKnownFileType = file.storyboard; name = Base; path = Base.lproj/Main.storyboard; sourceTree = "<group>"; };
		4C756EB7194F459B00C71778 /* KSViewController.h */ = {isa = PBXFileReference; lastKnownFileType = sourcecode.c.h; path = KSViewController.h; sourceTree = "<group>"; };
		4C756EB8194F459B00C71778 /* KSViewController.m */ = {isa = PBXFileReference; lastKnownFileType = sourcecode.c.objc; path = KSViewController.m; sourceTree = "<group>"; };
		4C756EBA194F459B00C71778 /* Images.xcassets */ = {isa = PBXFileReference; lastKnownFileType = folder.assetcatalog; path = Images.xcassets; sourceTree = "<group>"; };
		4C756EC0194F459B00C71778 /* KSActivityIndicatorViewDemoTests.xctest */ = {isa = PBXFileReference; explicitFileType = wrapper.cfbundle; includeInIndex = 0; path = KSActivityIndicatorViewDemoTests.xctest; sourceTree = BUILT_PRODUCTS_DIR; };
		4C756EC1194F459B00C71778 /* XCTest.framework */ = {isa = PBXFileReference; lastKnownFileType = wrapper.framework; name = XCTest.framework; path = Library/Frameworks/XCTest.framework; sourceTree = DEVELOPER_DIR; };
		4C756EC9194F459B00C71778 /* KSActivityIndicatorViewDemoTests-Info.plist */ = {isa = PBXFileReference; lastKnownFileType = text.plist.xml; path = "KSActivityIndicatorViewDemoTests-Info.plist"; sourceTree = "<group>"; };
		4C756ECB194F459B00C71778 /* en */ = {isa = PBXFileReference; lastKnownFileType = text.plist.strings; name = en; path = en.lproj/InfoPlist.strings; sourceTree = "<group>"; };
		4C756ECD194F459B00C71778 /* KSActivityIndicatorViewDemoTests.m */ = {isa = PBXFileReference; lastKnownFileType = sourcecode.c.objc; path = KSActivityIndicatorViewDemoTests.m; sourceTree = "<group>"; };
/* End PBXFileReference section */

/* Begin PBXFrameworksBuildPhase section */
		4C756E9C194F459B00C71778 /* Frameworks */ = {
			isa = PBXFrameworksBuildPhase;
			buildActionMask = 2147483647;
			files = (
				4C756EA5194F459B00C71778 /* CoreGraphics.framework in Frameworks */,
				4C756EA7194F459B00C71778 /* UIKit.framework in Frameworks */,
				4C756EA3194F459B00C71778 /* Foundation.framework in Frameworks */,
			);
			runOnlyForDeploymentPostprocessing = 0;
		};
		4C756EBD194F459B00C71778 /* Frameworks */ = {
			isa = PBXFrameworksBuildPhase;
			buildActionMask = 2147483647;
			files = (
				4C756EC2194F459B00C71778 /* XCTest.framework in Frameworks */,
				4C756EC4194F459B00C71778 /* UIKit.framework in Frameworks */,
				4C756EC3194F459B00C71778 /* Foundation.framework in Frameworks */,
			);
			runOnlyForDeploymentPostprocessing = 0;
		};
/* End PBXFrameworksBuildPhase section */

/* Begin PBXGroup section */
		4C756E96194F459B00C71778 = {
			isa = PBXGroup;
			children = (
				4C756EA8194F459B00C71778 /* KSActivityIndicatorViewDemo */,
				4C756EC7194F459B00C71778 /* KSActivityIndicatorViewDemoTests */,
				4C756EA1194F459B00C71778 /* Frameworks */,
				4C756EA0194F459B00C71778 /* Products */,
			);
			sourceTree = "<group>";
		};
		4C756EA0194F459B00C71778 /* Products */ = {
			isa = PBXGroup;
			children = (
				4C756E9F194F459B00C71778 /* KSActivityIndicatorViewDemo.app */,
				4C756EC0194F459B00C71778 /* KSActivityIndicatorViewDemoTests.xctest */,
			);
			name = Products;
			sourceTree = "<group>";
		};
		4C756EA1194F459B00C71778 /* Frameworks */ = {
			isa = PBXGroup;
			children = (
				4C756EA2194F459B00C71778 /* Foundation.framework */,
				4C756EA4194F459B00C71778 /* CoreGraphics.framework */,
				4C756EA6194F459B00C71778 /* UIKit.framework */,
				4C756EC1194F459B00C71778 /* XCTest.framework */,
			);
			name = Frameworks;
			sourceTree = "<group>";
		};
		4C756EA8194F459B00C71778 /* KSActivityIndicatorViewDemo */ = {
			isa = PBXGroup;
			children = (
				4C756EB1194F459B00C71778 /* KSAppDelegate.h */,
				4C756EB2194F459B00C71778 /* KSAppDelegate.m */,
				4C756EB4194F459B00C71778 /* Main.storyboard */,
				4C756EB7194F459B00C71778 /* KSViewController.h */,
				4C756EB8194F459B00C71778 /* KSViewController.m */,
				4C756EBA194F459B00C71778 /* Images.xcassets */,
				4C756EA9194F459B00C71778 /* Supporting Files */,
			);
			path = KSActivityIndicatorViewDemo;
			sourceTree = "<group>";
		};
		4C756EA9194F459B00C71778 /* Supporting Files */ = {
			isa = PBXGroup;
			children = (
				4C756EAA194F459B00C71778 /* KSActivityIndicatorViewDemo-Info.plist */,
				4C756EAB194F459B00C71778 /* InfoPlist.strings */,
				4C756EAE194F459B00C71778 /* main.m */,
				4C756EB0194F459B00C71778 /* KSActivityIndicatorViewDemo-Prefix.pch */,
			);
			name = "Supporting Files";
			sourceTree = "<group>";
		};
		4C756EC7194F459B00C71778 /* KSActivityIndicatorViewDemoTests */ = {
			isa = PBXGroup;
			children = (
				4C756ECD194F459B00C71778 /* KSActivityIndicatorViewDemoTests.m */,
				4C756EC8194F459B00C71778 /* Supporting Files */,
			);
			path = KSActivityIndicatorViewDemoTests;
			sourceTree = "<group>";
		};
		4C756EC8194F459B00C71778 /* Supporting Files */ = {
			isa = PBXGroup;
			children = (
				4C756EC9194F459B00C71778 /* KSActivityIndicatorViewDemoTests-Info.plist */,
				4C756ECA194F459B00C71778 /* InfoPlist.strings */,
			);
			name = "Supporting Files";
			sourceTree = "<group>";
		};
/* End PBXGroup section */

/* Begin PBXNativeTarget section */
		4C756E9E194F459B00C71778 /* KSActivityIndicatorViewDemo */ = {
			isa = PBXNativeTarget;
			buildConfigurationList = 4C756ED1194F459B00C71778 /* Build configuration list for PBXNativeTarget "KSActivityIndicatorViewDemo" */;
			buildPhases = (
				4C756E9B194F459B00C71778 /* Sources */,
				4C756E9C194F459B00C71778 /* Frameworks */,
				4C756E9D194F459B00C71778 /* Resources */,
			);
			buildRules = (
			);
			dependencies = (
			);
			name = KSActivityIndicatorViewDemo;
			productName = KSActivityIndicatorViewDemo;
			productReference = 4C756E9F194F459B00C71778 /* KSActivityIndicatorViewDemo.app */;
			productType = "com.apple.product-type.application";
		};
		4C756EBF194F459B00C71778 /* KSActivityIndicatorViewDemoTests */ = {
			isa = PBXNativeTarget;
			buildConfigurationList = 4C756ED4194F459B00C71778 /* Build configuration list for PBXNativeTarget "KSActivityIndicatorViewDemoTests" */;
			buildPhases = (
				4C756EBC194F459B00C71778 /* Sources */,
				4C756EBD194F459B00C71778 /* Frameworks */,
				4C756EBE194F459B00C71778 /* Resources */,
			);
			buildRules = (
			);
			dependencies = (
				4C756EC6194F459B00C71778 /* PBXTargetDependency */,
			);
			name = KSActivityIndicatorViewDemoTests;
			productName = KSActivityIndicatorViewDemoTests;
			productReference = 4C756EC0194F459B00C71778 /* KSActivityIndicatorViewDemoTests.xctest */;
			productType = "com.apple.product-type.bundle.unit-test";
		};
/* End PBXNativeTarget section */

/* Begin PBXProject section */
		4C756E97194F459B00C71778 /* Project object */ = {
			isa = PBXProject;
			attributes = {
				CLASSPREFIX = KS;
				LastUpgradeCheck = 0510;
				ORGANIZATIONNAME = Mike;
				TargetAttributes = {
					4C756EBF194F459B00C71778 = {
						TestTargetID = 4C756E9E194F459B00C71778;
					};
				};
			};
			buildConfigurationList = 4C756E9A194F459B00C71778 /* Build configuration list for PBXProject "KSActivityIndicatorViewDemo" */;
			compatibilityVersion = "Xcode 3.2";
			developmentRegion = English;
			hasScannedForEncodings = 0;
			knownRegions = (
				en,
				Base,
			);
			mainGroup = 4C756E96194F459B00C71778;
			productRefGroup = 4C756EA0194F459B00C71778 /* Products */;
			projectDirPath = "";
			projectRoot = "";
			targets = (
				4C756E9E194F459B00C71778 /* KSActivityIndicatorViewDemo */,
				4C756EBF194F459B00C71778 /* KSActivityIndicatorViewDemoTests */,
			);
		};
/* End PBXProject section */

/* Begin PBXResourcesBuildPhase section */
		4C756E9D194F459B00C71778 /* Resources */ = {
			isa = PBXResourcesBuildPhase;
			buildActionMask = 2147483647;
			files = (
				4C756EBB194F459B00C71778 /* Images.xcassets in Resources */,
				4C756EAD194F459B00C71778 /* InfoPlist.strings in Resources */,
				4C756EB6194F459B00C71778 /* Main.storyboard in Resources */,
			);
			runOnlyForDeploymentPostprocessing = 0;
		};
		4C756EBE194F459B00C71778 /* Resources */ = {
			isa = PBXResourcesBuildPhase;
			buildActionMask = 2147483647;
			files = (
				4C756ECC194F459B00C71778 /* InfoPlist.strings in Resources */,
			);
			runOnlyForDeploymentPostprocessing = 0;
		};
/* End PBXResourcesBuildPhase section */

/* Begin PBXSourcesBuildPhase section */
		4C756E9B194F459B00C71778 /* Sources */ = {
			isa = PBXSourcesBuildPhase;
			buildActionMask = 2147483647;
			files = (
				4C756EB9194F459B00C71778 /* KSViewController.m in Sources */,
				4C756EB3194F459B00C71778 /* KSAppDelegate.m in Sources */,
				4C756EAF194F459B00C71778 /* main.m in Sources */,
			);
			runOnlyForDeploymentPostprocessing = 0;
		};
		4C756EBC194F459B00C71778 /* Sources */ = {
			isa = PBXSourcesBuildPhase;
			buildActionMask = 2147483647;
			files = (
				4C756ECE194F459B00C71778 /* KSActivityIndicatorViewDemoTests.m in Sources */,
			);
			runOnlyForDeploymentPostprocessing = 0;
		};
/* End PBXSourcesBuildPhase section */

/* Begin PBXTargetDependency section */
		4C756EC6194F459B00C71778 /* PBXTargetDependency */ = {
			isa = PBXTargetDependency;
			target = 4C756E9E194F459B00C71778 /* KSActivityIndicatorViewDemo */;
			targetProxy = 4C756EC5194F459B00C71778 /* PBXContainerItemProxy */;
		};
/* End PBXTargetDependency section */

/* Begin PBXVariantGroup section */
		4C756EAB194F459B00C71778 /* InfoPlist.strings */ = {
			isa = PBXVariantGroup;
			children = (
				4C756EAC194F459B00C71778 /* en */,
			);
			name = InfoPlist.strings;
			sourceTree = "<group>";
		};
		4C756EB4194F459B00C71778 /* Main.storyboard */ = {
			isa = PBXVariantGroup;
			children = (
				4C756EB5194F459B00C71778 /* Base */,
			);
			name = Main.storyboard;
			sourceTree = "<group>";
		};
		4C756ECA194F459B00C71778 /* InfoPlist.strings */ = {
			isa = PBXVariantGroup;
			children = (
				4C756ECB194F459B00C71778 /* en */,
			);
			name = InfoPlist.strings;
			sourceTree = "<group>";
		};
/* End PBXVariantGroup section */

/* Begin XCBuildConfiguration section */
		4C756ECF194F459B00C71778 /* Debug */ = {
			isa = XCBuildConfiguration;
			buildSettings = {
				ALWAYS_SEARCH_USER_PATHS = NO;
				CLANG_CXX_LANGUAGE_STANDARD = "gnu++0x";
				CLANG_CXX_LIBRARY = "libc++";
				CLANG_ENABLE_MODULES = YES;
				CLANG_ENABLE_OBJC_ARC = YES;
				CLANG_WARN_BOOL_CONVERSION = YES;
				CLANG_WARN_CONSTANT_CONVERSION = YES;
				CLANG_WARN_DIRECT_OBJC_ISA_USAGE = YES_ERROR;
				CLANG_WARN_EMPTY_BODY = YES;
				CLANG_WARN_ENUM_CONVERSION = YES;
				CLANG_WARN_INT_CONVERSION = YES;
				CLANG_WARN_OBJC_ROOT_CLASS = YES_ERROR;
				CLANG_WARN__DUPLICATE_METHOD_MATCH = YES;
				"CODE_SIGN_IDENTITY[sdk=iphoneos*]" = "iPhone Developer";
				COPY_PHASE_STRIP = NO;
				GCC_C_LANGUAGE_STANDARD = gnu99;
				GCC_DYNAMIC_NO_PIC = NO;
				GCC_OPTIMIZATION_LEVEL = 0;
				GCC_PREPROCESSOR_DEFINITIONS = (
					"DEBUG=1",
					"$(inherited)",
				);
				GCC_SYMBOLS_PRIVATE_EXTERN = NO;
				GCC_WARN_64_TO_32_BIT_CONVERSION = YES;
				GCC_WARN_ABOUT_RETURN_TYPE = YES_ERROR;
				GCC_WARN_UNDECLARED_SELECTOR = YES;
				GCC_WARN_UNINITIALIZED_AUTOS = YES_AGGRESSIVE;
				GCC_WARN_UNUSED_FUNCTION = YES;
				GCC_WARN_UNUSED_VARIABLE = YES;
				IPHONEOS_DEPLOYMENT_TARGET = 7.1;
				ONLY_ACTIVE_ARCH = YES;
				SDKROOT = iphoneos;
			};
			name = Debug;
		};
		4C756ED0194F459B00C71778 /* Release */ = {
			isa = XCBuildConfiguration;
			buildSettings = {
				ALWAYS_SEARCH_USER_PATHS = NO;
				CLANG_CXX_LANGUAGE_STANDARD = "gnu++0x";
				CLANG_CXX_LIBRARY = "libc++";
				CLANG_ENABLE_MODULES = YES;
				CLANG_ENABLE_OBJC_ARC = YES;
				CLANG_WARN_BOOL_CONVERSION = YES;
				CLANG_WARN_CONSTANT_CONVERSION = YES;
				CLANG_WARN_DIRECT_OBJC_ISA_USAGE = YES_ERROR;
				CLANG_WARN_EMPTY_BODY = YES;
				CLANG_WARN_ENUM_CONVERSION = YES;
				CLANG_WARN_INT_CONVERSION = YES;
				CLANG_WARN_OBJC_ROOT_CLASS = YES_ERROR;
				CLANG_WARN__DUPLICATE_METHOD_MATCH = YES;
				"CODE_SIGN_IDENTITY[sdk=iphoneos*]" = "iPhone Developer";
				COPY_PHASE_STRIP = YES;
				ENABLE_NS_ASSERTIONS = NO;
				GCC_C_LANGUAGE_STANDARD = gnu99;
				GCC_WARN_64_TO_32_BIT_CONVERSION = YES;
				GCC_WARN_ABOUT_RETURN_TYPE = YES_ERROR;
				GCC_WARN_UNDECLARED_SELECTOR = YES;
				GCC_WARN_UNINITIALIZED_AUTOS = YES_AGGRESSIVE;
				GCC_WARN_UNUSED_FUNCTION = YES;
				GCC_WARN_UNUSED_VARIABLE = YES;
				IPHONEOS_DEPLOYMENT_TARGET = 7.1;
				SDKROOT = iphoneos;
				VALIDATE_PRODUCT = YES;
			};
			name = Release;
		};
		4C756ED2194F459B00C71778 /* Debug */ = {
			isa = XCBuildConfiguration;
			buildSettings = {
				ASSETCATALOG_COMPILER_APPICON_NAME = AppIcon;
				ASSETCATALOG_COMPILER_LAUNCHIMAGE_NAME = LaunchImage;
				GCC_PRECOMPILE_PREFIX_HEADER = YES;
				GCC_PREFIX_HEADER = "KSActivityIndicatorViewDemo/KSActivityIndicatorViewDemo-Prefix.pch";
				INFOPLIST_FILE = "KSActivityIndicatorViewDemo/KSActivityIndicatorViewDemo-Info.plist";
				PRODUCT_NAME = "$(TARGET_NAME)";
				WRAPPER_EXTENSION = app;
			};
			name = Debug;
		};
		4C756ED3194F459B00C71778 /* Release */ = {
			isa = XCBuildConfiguration;
			buildSettings = {
				ASSETCATALOG_COMPILER_APPICON_NAME = AppIcon;
				ASSETCATALOG_COMPILER_LAUNCHIMAGE_NAME = LaunchImage;
				GCC_PRECOMPILE_PREFIX_HEADER = YES;
				GCC_PREFIX_HEADER = "KSActivityIndicatorViewDemo/KSActivityIndicatorViewDemo-Prefix.pch";
				INFOPLIST_FILE = "KSActivityIndicatorViewDemo/KSActivityIndicatorViewDemo-Info.plist";
				PRODUCT_NAME = "$(TARGET_NAME)";
				WRAPPER_EXTENSION = app;
			};
			name = Release;
		};
		4C756ED5194F459B00C71778 /* Debug */ = {
			isa = XCBuildConfiguration;
			buildSettings = {
				BUNDLE_LOADER = "$(BUILT_PRODUCTS_DIR)/KSActivityIndicatorViewDemo.app/KSActivityIndicatorViewDemo";
				FRAMEWORK_SEARCH_PATHS = (
					"$(SDKROOT)/Developer/Library/Frameworks",
					"$(inherited)",
					"$(DEVELOPER_FRAMEWORKS_DIR)",
				);
				GCC_PRECOMPILE_PREFIX_HEADER = YES;
				GCC_PREFIX_HEADER = "KSActivityIndicatorViewDemo/KSActivityIndicatorViewDemo-Prefix.pch";
				GCC_PREPROCESSOR_DEFINITIONS = (
					"DEBUG=1",
					"$(inherited)",
				);
				INFOPLIST_FILE = "KSActivityIndicatorViewDemoTests/KSActivityIndicatorViewDemoTests-Info.plist";
				PRODUCT_NAME = "$(TARGET_NAME)";
				TEST_HOST = "$(BUNDLE_LOADER)";
				WRAPPER_EXTENSION = xctest;
			};
			name = Debug;
		};
		4C756ED6194F459B00C71778 /* Release */ = {
			isa = XCBuildConfiguration;
			buildSettings = {
				BUNDLE_LOADER = "$(BUILT_PRODUCTS_DIR)/KSActivityIndicatorViewDemo.app/KSActivityIndicatorViewDemo";
				FRAMEWORK_SEARCH_PATHS = (
					"$(SDKROOT)/Developer/Library/Frameworks",
					"$(inherited)",
					"$(DEVELOPER_FRAMEWORKS_DIR)",
				);
				GCC_PRECOMPILE_PREFIX_HEADER = YES;
				GCC_PREFIX_HEADER = "KSActivityIndicatorViewDemo/KSActivityIndicatorViewDemo-Prefix.pch";
				INFOPLIST_FILE = "KSActivityIndicatorViewDemoTests/KSActivityIndicatorViewDemoTests-Info.plist";
				PRODUCT_NAME = "$(TARGET_NAME)";
				TEST_HOST = "$(BUNDLE_LOADER)";
				WRAPPER_EXTENSION = xctest;
			};
			name = Release;
		};
/* End XCBuildConfiguration section */

/* Begin XCConfigurationList section */
		4C756E9A194F459B00C71778 /* Build configuration list for PBXProject "KSActivityIndicatorViewDemo" */ = {
			isa = XCConfigurationList;
			buildConfigurations = (
				4C756ECF194F459B00C71778 /* Debug */,
				4C756ED0194F459B00C71778 /* Release */,
			);
			defaultConfigurationIsVisible = 0;
			defaultConfigurationName = Release;
		};
		4C756ED1194F459B00C71778 /* Build configuration list for PBXNativeTarget "KSActivityIndicatorViewDemo" */ = {
			isa = XCConfigurationList;
			buildConfigurations = (
				4C756ED2194F459B00C71778 /* Debug */,
				4C756ED3194F459B00C71778 /* Release */,
			);
			defaultConfigurationIsVisible = 0;
		};
		4C756ED4194F459B00C71778 /* Build configuration list for PBXNativeTarget "KSActivityIndicatorViewDemoTests" */ = {
			isa = XCConfigurationList;
			buildConfigurations = (
				4C756ED5194F459B00C71778 /* Debug */,
				4C756ED6194F459B00C71778 /* Release */,
			);
			defaultConfigurationIsVisible = 0;
		};
/* End XCConfigurationList section */
	};
	rootObject = 4C756E97194F459B00C71778 /* Project object */;
}
